
Microsoft Visual Studio Solution File, Format Version 12.00
# Visual Studio Version 17
VisualStudioVersion = 17.13.35806.99 d17.13
MinimumVisualStudioVersion = 10.0.40219.1
Project("{FAE04EC0-301F-11D3-BF4B-00C04F79EFBC}") = "WebApplication1", "WebApplication1\WebApplication1.csproj", "{116E4531-261C-4FFA-883F-C3BC2007E07A}"
EndProject
Global
	GlobalSection(SolutionConfigurationPlatforms) = preSolution
		Debug|Any CPU = Debug|Any CPU
		Release|Any CPU = Release|Any CPU
	EndGlobalSection
	GlobalSection(ProjectConfigurationPlatforms) = postSolution
		{116E4531-261C-4FFA-883F-C3BC2007E07A}.Debug|Any CPU.ActiveCfg = Debug|Any CPU
		{116E4531-261C-4FFA-883F-C3BC2007E07A}.Debug|Any CPU.Build.0 = Debug|Any CPU
		{116E4531-261C-4FFA-883F-C3BC2007E07A}.Release|Any CPU.ActiveCfg = Release|Any CPU
		{116E4531-261C-4FFA-883F-C3BC2007E07A}.Release|Any CPU.Build.0 = Release|Any CPU
	EndGlobalSection
	GlobalSection(SolutionProperties) = preSolution
		HideSolutionNode = FALSE
	EndGlobalSection
	GlobalSection(ExtensibilityGlobals) = postSolution
		SolutionGuid = {A57D70C3-2280-42AD-9775-551E0803302C}
	EndGlobalSection
EndGlobal
